
Microsoft Visual Studio Solution File, Format Version 12.00
# Visual Studio Version 16
VisualStudioVersion = 16.0.31025.194
MinimumVisualStudioVersion = 10.0.40219.1
Project("{8BC9CEB8-8B4A-11D0-8D11-00A0C91BC942}") = "Week 01", "C_TA(2022-1)\C_TA(2022-1).vcxproj", "{3C89CE7C-4016-4D01-8239-09AE55FED77E}"
EndProject
Project("{8BC9CEB8-8B4A-11D0-8D11-00A0C91BC942}") = "Week 02", "Week 02\Week 02.vcxproj", "{2D1F9C1C-D10B-43CE-B509-CB80601A7C73}"
EndProject
Project("{8BC9CEB8-8B4A-11D0-8D11-00A0C91BC942}") = "Week 03", "Week 03\Week 03.vcxproj", "{806FDCC7-2909-4D4E-9A00-FE87CF13E9D6}"
EndProject
Global
	GlobalSection(SolutionConfigurationPlatforms) = preSolution
		Debug|x64 = Debug|x64
		Debug|x86 = Debug|x86
		Release|x64 = Release|x64
		Release|x86 = Release|x86
	EndGlobalSection
	GlobalSection(ProjectConfigurationPlatforms) = postSolution
		{3C89CE7C-4016-4D01-8239-09AE55FED77E}.Debug|x64.ActiveCfg = Debug|x64
		{3C89CE7C-4016-4D01-8239-09AE55FED77E}.Debug|x64.Build.0 = Debug|x64
		{3C89CE7C-4016-4D01-8239-09AE55FED77E}.Debug|x86.ActiveCfg = Debug|Win32
		{3C89CE7C-4016-4D01-8239-09AE55FED77E}.Debug|x86.Build.0 = Debug|Win32
		{3C89CE7C-4016-4D01-8239-09AE55FED77E}.Release|x64.ActiveCfg = Release|x64
		{3C89CE7C-4016-4D01-8239-09AE55FED77E}.Release|x64.Build.0 = Release|x64
		{3C89CE7C-4016-4D01-8239-09AE55FED77E}.Release|x86.ActiveCfg = Release|Win32
		{3C89CE7C-4016-4D01-8239-09AE55FED77E}.Release|x86.Build.0 = Release|Win32
		{2D1F9C1C-D10B-43CE-B509-CB80601A7C73}.Debug|x64.ActiveCfg = Debug|x64
		{2D1F9C1C-D10B-43CE-B509-CB80601A7C73}.Debug|x64.Build.0 = Debug|x64
		{2D1F9C1C-D10B-43CE-B509-CB80601A7C73}.Debug|x86.ActiveCfg = Debug|Win32
		{2D1F9C1C-D10B-43CE-B509-CB80601A7C73}.Debug|x86.Build.0 = Debug|Win32
		{2D1F9C1C-D10B-43CE-B509-CB80601A7C73}.Release|x64.ActiveCfg = Release|x64
		{2D1F9C1C-D10B-43CE-B509-CB80601A7C73}.Release|x64.Build.0 = Release|x64
		{2D1F9C1C-D10B-43CE-B509-CB80601A7C73}.Release|x86.ActiveCfg = Release|Win32
		{2D1F9C1C-D10B-43CE-B509-CB80601A7C73}.Release|x86.Build.0 = Release|Win32
		{806FDCC7-2909-4D4E-9A00-FE87CF13E9D6}.Debug|x64.ActiveCfg = Debug|x64
		{806FDCC7-2909-4D4E-9A00-FE87CF13E9D6}.Debug|x64.Build.0 = Debug|x64
		{806FDCC7-2909-4D4E-9A00-FE87CF13E9D6}.Debug|x86.ActiveCfg = Debug|Win32
		{806FDCC7-2909-4D4E-9A00-FE87CF13E9D6}.Debug|x86.Build.0 = Debug|Win32
		{806FDCC7-2909-4D4E-9A00-FE87CF13E9D6}.Release|x64.ActiveCfg = Release|x64
		{806FDCC7-2909-4D4E-9A00-FE87CF13E9D6}.Release|x64.Build.0 = Release|x64
		{806FDCC7-2909-4D4E-9A00-FE87CF13E9D6}.Release|x86.ActiveCfg = Release|Win32
		{806FDCC7-2909-4D4E-9A00-FE87CF13E9D6}.Release|x86.Build.0 = Release|Win32
	EndGlobalSection
	GlobalSection(SolutionProperties) = preSolution
		HideSolutionNode = FALSE
	EndGlobalSection
	GlobalSection(ExtensibilityGlobals) = postSolution
		SolutionGuid = {0F5856F1-1B2F-4C42-AF8F-229DE79A36A4}
	EndGlobalSection
EndGlobal
