
Microsoft Visual Studio Solution File, Format Version 12.00
# Visual Studio Version 17
VisualStudioVersion = 17.1.32319.34
MinimumVisualStudioVersion = 10.0.40219.1
Project("{8BC9CEB8-8B4A-11D0-8D11-00A0C91BC942}") = "Week 01", "C_TA(2022-1)\C_TA(2022-1).vcxproj", "{3C89CE7C-4016-4D01-8239-09AE55FED77E}"
EndProject
Project("{8BC9CEB8-8B4A-11D0-8D11-00A0C91BC942}") = "Week 02", "Week 02\Week 02.vcxproj", "{2D1F9C1C-D10B-43CE-B509-CB80601A7C73}"
EndProject
Project("{8BC9CEB8-8B4A-11D0-8D11-00A0C91BC942}") = "Week 03", "Week 03\Week 03.vcxproj", "{806FDCC7-2909-4D4E-9A00-FE87CF13E9D6}"
EndProject
Project("{8BC9CEB8-8B4A-11D0-8D11-00A0C91BC942}") = "Week 04", "Week 04\Week 04.vcxproj", "{9882E4CE-89E0-49A7-8355-ED6B785AB61D}"
EndProject
Project("{8BC9CEB8-8B4A-11D0-8D11-00A0C91BC942}") = "Week 05", "Week 05\Week 05.vcxproj", "{AF02B3BC-8E63-49DC-B29C-756275755F53}"
EndProject
Project("{8BC9CEB8-8B4A-11D0-8D11-00A0C91BC942}") = "Week 07", "Week 07\Week 07.vcxproj", "{9C2F87BC-2CA2-49A0-BE31-CDAB5F6BC1A7}"
EndProject
Project("{8BC9CEB8-8B4A-11D0-8D11-00A0C91BC942}") = "Week 08", "Week 08\Week 08.vcxproj", "{9BF13375-0F1B-4CA8-87B2-93754EAE8FA6}"
EndProject
Global
	GlobalSection(SolutionConfigurationPlatforms) = preSolution
		Debug|x64 = Debug|x64
		Debug|x86 = Debug|x86
		Release|x64 = Release|x64
		Release|x86 = Release|x86
	EndGlobalSection
	GlobalSection(ProjectConfigurationPlatforms) = postSolution
		{3C89CE7C-4016-4D01-8239-09AE55FED77E}.Debug|x64.ActiveCfg = Debug|x64
		{3C89CE7C-4016-4D01-8239-09AE55FED77E}.Debug|x64.Build.0 = Debug|x64
		{3C89CE7C-4016-4D01-8239-09AE55FED77E}.Debug|x86.ActiveCfg = Debug|Win32
		{3C89CE7C-4016-4D01-8239-09AE55FED77E}.Debug|x86.Build.0 = Debug|Win32
		{3C89CE7C-4016-4D01-8239-09AE55FED77E}.Release|x64.ActiveCfg = Release|x64
		{3C89CE7C-4016-4D01-8239-09AE55FED77E}.Release|x64.Build.0 = Release|x64
		{3C89CE7C-4016-4D01-8239-09AE55FED77E}.Release|x86.ActiveCfg = Release|Win32
		{3C89CE7C-4016-4D01-8239-09AE55FED77E}.Release|x86.Build.0 = Release|Win32
		{2D1F9C1C-D10B-43CE-B509-CB80601A7C73}.Debug|x64.ActiveCfg = Debug|x64
		{2D1F9C1C-D10B-43CE-B509-CB80601A7C73}.Debug|x64.Build.0 = Debug|x64
		{2D1F9C1C-D10B-43CE-B509-CB80601A7C73}.Debug|x86.ActiveCfg = Debug|Win32
		{2D1F9C1C-D10B-43CE-B509-CB80601A7C73}.Debug|x86.Build.0 = Debug|Win32
		{2D1F9C1C-D10B-43CE-B509-CB80601A7C73}.Release|x64.ActiveCfg = Release|x64
		{2D1F9C1C-D10B-43CE-B509-CB80601A7C73}.Release|x64.Build.0 = Release|x64
		{2D1F9C1C-D10B-43CE-B509-CB80601A7C73}.Release|x86.ActiveCfg = Release|Win32
		{2D1F9C1C-D10B-43CE-B509-CB80601A7C73}.Release|x86.Build.0 = Release|Win32
		{806FDCC7-2909-4D4E-9A00-FE87CF13E9D6}.Debug|x64.ActiveCfg = Debug|x64
		{806FDCC7-2909-4D4E-9A00-FE87CF13E9D6}.Debug|x64.Build.0 = Debug|x64
		{806FDCC7-2909-4D4E-9A00-FE87CF13E9D6}.Debug|x86.ActiveCfg = Debug|Win32
		{806FDCC7-2909-4D4E-9A00-FE87CF13E9D6}.Debug|x86.Build.0 = Debug|Win32
		{806FDCC7-2909-4D4E-9A00-FE87CF13E9D6}.Release|x64.ActiveCfg = Release|x64
		{806FDCC7-2909-4D4E-9A00-FE87CF13E9D6}.Release|x64.Build.0 = Release|x64
		{806FDCC7-2909-4D4E-9A00-FE87CF13E9D6}.Release|x86.ActiveCfg = Release|Win32
		{806FDCC7-2909-4D4E-9A00-FE87CF13E9D6}.Release|x86.Build.0 = Release|Win32
		{9882E4CE-89E0-49A7-8355-ED6B785AB61D}.Debug|x64.ActiveCfg = Debug|x64
		{9882E4CE-89E0-49A7-8355-ED6B785AB61D}.Debug|x64.Build.0 = Debug|x64
		{9882E4CE-89E0-49A7-8355-ED6B785AB61D}.Debug|x86.ActiveCfg = Debug|Win32
		{9882E4CE-89E0-49A7-8355-ED6B785AB61D}.Debug|x86.Build.0 = Debug|Win32
		{9882E4CE-89E0-49A7-8355-ED6B785AB61D}.Release|x64.ActiveCfg = Release|x64
		{9882E4CE-89E0-49A7-8355-ED6B785AB61D}.Release|x64.Build.0 = Release|x64
		{9882E4CE-89E0-49A7-8355-ED6B785AB61D}.Release|x86.ActiveCfg = Release|Win32
		{9882E4CE-89E0-49A7-8355-ED6B785AB61D}.Release|x86.Build.0 = Release|Win32
		{AF02B3BC-8E63-49DC-B29C-756275755F53}.Debug|x64.ActiveCfg = Debug|x64
		{AF02B3BC-8E63-49DC-B29C-756275755F53}.Debug|x64.Build.0 = Debug|x64
		{AF02B3BC-8E63-49DC-B29C-756275755F53}.Debug|x86.ActiveCfg = Debug|Win32
		{AF02B3BC-8E63-49DC-B29C-756275755F53}.Debug|x86.Build.0 = Debug|Win32
		{AF02B3BC-8E63-49DC-B29C-756275755F53}.Release|x64.ActiveCfg = Release|x64
		{AF02B3BC-8E63-49DC-B29C-756275755F53}.Release|x64.Build.0 = Release|x64
		{AF02B3BC-8E63-49DC-B29C-756275755F53}.Release|x86.ActiveCfg = Release|Win32
		{AF02B3BC-8E63-49DC-B29C-756275755F53}.Release|x86.Build.0 = Release|Win32
		{9C2F87BC-2CA2-49A0-BE31-CDAB5F6BC1A7}.Debug|x64.ActiveCfg = Debug|x64
		{9C2F87BC-2CA2-49A0-BE31-CDAB5F6BC1A7}.Debug|x64.Build.0 = Debug|x64
		{9C2F87BC-2CA2-49A0-BE31-CDAB5F6BC1A7}.Debug|x86.ActiveCfg = Debug|Win32
		{9C2F87BC-2CA2-49A0-BE31-CDAB5F6BC1A7}.Debug|x86.Build.0 = Debug|Win32
		{9C2F87BC-2CA2-49A0-BE31-CDAB5F6BC1A7}.Release|x64.ActiveCfg = Release|x64
		{9C2F87BC-2CA2-49A0-BE31-CDAB5F6BC1A7}.Release|x64.Build.0 = Release|x64
		{9C2F87BC-2CA2-49A0-BE31-CDAB5F6BC1A7}.Release|x86.ActiveCfg = Release|Win32
		{9C2F87BC-2CA2-49A0-BE31-CDAB5F6BC1A7}.Release|x86.Build.0 = Release|Win32
		{9BF13375-0F1B-4CA8-87B2-93754EAE8FA6}.Debug|x64.ActiveCfg = Debug|x64
		{9BF13375-0F1B-4CA8-87B2-93754EAE8FA6}.Debug|x64.Build.0 = Debug|x64
		{9BF13375-0F1B-4CA8-87B2-93754EAE8FA6}.Debug|x86.ActiveCfg = Debug|Win32
		{9BF13375-0F1B-4CA8-87B2-93754EAE8FA6}.Debug|x86.Build.0 = Debug|Win32
		{9BF13375-0F1B-4CA8-87B2-93754EAE8FA6}.Release|x64.ActiveCfg = Release|x64
		{9BF13375-0F1B-4CA8-87B2-93754EAE8FA6}.Release|x64.Build.0 = Release|x64
		{9BF13375-0F1B-4CA8-87B2-93754EAE8FA6}.Release|x86.ActiveCfg = Release|Win32
		{9BF13375-0F1B-4CA8-87B2-93754EAE8FA6}.Release|x86.Build.0 = Release|Win32
	EndGlobalSection
	GlobalSection(SolutionProperties) = preSolution
		HideSolutionNode = FALSE
	EndGlobalSection
	GlobalSection(ExtensibilityGlobals) = postSolution
		SolutionGuid = {0F5856F1-1B2F-4C42-AF8F-229DE79A36A4}
	EndGlobalSection
EndGlobal
